// !$*UTF8*$!
{
	archiveVersion = 1;
	classes = {
	};
	objectVersion = 46;
	objects = {

/* Begin PBXBuildFile section */
		76219DB81C89FC2C0037D9A9 /* LoggedinViewController.m in Sources */ = {isa = PBXBuildFile; fileRef = 76219DB71C89FC2C0037D9A9 /* LoggedinViewController.m */; };
		76E32F271C8A335600DE3121 /* cbd.png in Resources */ = {isa = PBXBuildFile; fileRef = 76E32F251C8A335600DE3121 /* cbd.png */; };
		76E32F281C8A335600DE3121 /* cbu.png in Resources */ = {isa = PBXBuildFile; fileRef = 76E32F261C8A335600DE3121 /* cbu.png */; };
		76E4A6991C893EFD00C7F503 /* main.m in Sources */ = {isa = PBXBuildFile; fileRef = 76E4A6981C893EFD00C7F503 /* main.m */; };
		76E4A69C1C893EFD00C7F503 /* AppDelegate.m in Sources */ = {isa = PBXBuildFile; fileRef = 76E4A69B1C893EFD00C7F503 /* AppDelegate.m */; };
		76E4A69F1C893EFD00C7F503 /* ViewController.m in Sources */ = {isa = PBXBuildFile; fileRef = 76E4A69E1C893EFD00C7F503 /* ViewController.m */; };
		76E4A6A21C893EFD00C7F503 /* Main.storyboard in Resources */ = {isa = PBXBuildFile; fileRef = 76E4A6A01C893EFD00C7F503 /* Main.storyboard */; };
		76E4A6A41C893EFD00C7F503 /* Assets.xcassets in Resources */ = {isa = PBXBuildFile; fileRef = 76E4A6A31C893EFD00C7F503 /* Assets.xcassets */; };
		76E4A6A71C893EFD00C7F503 /* LaunchScreen.storyboard in Resources */ = {isa = PBXBuildFile; fileRef = 76E4A6A51C893EFD00C7F503 /* LaunchScreen.storyboard */; };
		76E4A6B21C893EFD00C7F503 /* loginAgainTests.m in Sources */ = {isa = PBXBuildFile; fileRef = 76E4A6B11C893EFD00C7F503 /* loginAgainTests.m */; };
		76E4A6BD1C893EFD00C7F503 /* loginAgainUITests.m in Sources */ = {isa = PBXBuildFile; fileRef = 76E4A6BC1C893EFD00C7F503 /* loginAgainUITests.m */; };
/* End PBXBuildFile section */

/* Begin PBXContainerItemProxy section */
		76E4A6AE1C893EFD00C7F503 /* PBXContainerItemProxy */ = {
			isa = PBXContainerItemProxy;
			containerPortal = 76E4A68C1C893EFD00C7F503 /* Project object */;
			proxyType = 1;
			remoteGlobalIDString = 76E4A6931C893EFD00C7F503;
			remoteInfo = loginAgain;
		};
		76E4A6B91C893EFD00C7F503 /* PBXContainerItemProxy */ = {
			isa = PBXContainerItemProxy;
			containerPortal = 76E4A68C1C893EFD00C7F503 /* Project object */;
			proxyType = 1;
			remoteGlobalIDString = 76E4A6931C893EFD00C7F503;
			remoteInfo = loginAgain;
		};
/* End PBXContainerItemProxy section */

/* Begin PBXFileReference section */
		76219DB61C89FC2C0037D9A9 /* LoggedinViewController.h */ = {isa = PBXFileReference; fileEncoding = 4; lastKnownFileType = sourcecode.c.h; name = LoggedinViewController.h; path = ../LoggedinViewController.h; sourceTree = "<group>"; };
		76219DB71C89FC2C0037D9A9 /* LoggedinViewController.m */ = {isa = PBXFileReference; fileEncoding = 4; lastKnownFileType = sourcecode.c.objc; name = LoggedinViewController.m; path = ../LoggedinViewController.m; sourceTree = "<group>"; };
		76E32F251C8A335600DE3121 /* cbd.png */ = {isa = PBXFileReference; lastKnownFileType = image.png; path = cbd.png; sourceTree = "<group>"; };
		76E32F261C8A335600DE3121 /* cbu.png */ = {isa = PBXFileReference; lastKnownFileType = image.png; path = cbu.png; sourceTree = "<group>"; };
		76E4A6941C893EFD00C7F503 /* loginAgain.app */ = {isa = PBXFileReference; explicitFileType = wrapper.application; includeInIndex = 0; path = loginAgain.app; sourceTree = BUILT_PRODUCTS_DIR; };
		76E4A6981C893EFD00C7F503 /* main.m */ = {isa = PBXFileReference; lastKnownFileType = sourcecode.c.objc; path = main.m; sourceTree = "<group>"; };
		76E4A69A1C893EFD00C7F503 /* AppDelegate.h */ = {isa = PBXFileReference; lastKnownFileType = sourcecode.c.h; path = AppDelegate.h; sourceTree = "<group>"; };
		76E4A69B1C893EFD00C7F503 /* AppDelegate.m */ = {isa = PBXFileReference; lastKnownFileType = sourcecode.c.objc; path = AppDelegate.m; sourceTree = "<group>"; };
		76E4A69D1C893EFD00C7F503 /* ViewController.h */ = {isa = PBXFileReference; lastKnownFileType = sourcecode.c.h; path = ViewController.h; sourceTree = "<group>"; };
		76E4A69E1C893EFD00C7F503 /* ViewController.m */ = {isa = PBXFileReference; lastKnownFileType = sourcecode.c.objc; path = ViewController.m; sourceTree = "<group>"; };
		76E4A6A11C893EFD00C7F503 /* Base */ = {isa = PBXFileReference; lastKnownFileType = file.storyboard; name = Base; path = Base.lproj/Main.storyboard; sourceTree = "<group>"; };
		76E4A6A31C893EFD00C7F503 /* Assets.xcassets */ = {isa = PBXFileReference; lastKnownFileType = folder.assetcatalog; path = Assets.xcassets; sourceTree = "<group>"; };
		76E4A6A61C893EFD00C7F503 /* Base */ = {isa = PBXFileReference; lastKnownFileType = file.storyboard; name = Base; path = Base.lproj/LaunchScreen.storyboard; sourceTree = "<group>"; };
		76E4A6A81C893EFD00C7F503 /* Info.plist */ = {isa = PBXFileReference; lastKnownFileType = text.plist.xml; path = Info.plist; sourceTree = "<group>"; };
		76E4A6AD1C893EFD00C7F503 /* loginAgainTests.xctest */ = {isa = PBXFileReference; explicitFileType = wrapper.cfbundle; includeInIndex = 0; path = loginAgainTests.xctest; sourceTree = BUILT_PRODUCTS_DIR; };
		76E4A6B11C893EFD00C7F503 /* loginAgainTests.m */ = {isa = PBXFileReference; lastKnownFileType = sourcecode.c.objc; path = loginAgainTests.m; sourceTree = "<group>"; };
		76E4A6B31C893EFD00C7F503 /* Info.plist */ = {isa = PBXFileReference; lastKnownFileType = text.plist.xml; path = Info.plist; sourceTree = "<group>"; };
		76E4A6B81C893EFD00C7F503 /* loginAgainUITests.xctest */ = {isa = PBXFileReference; explicitFileType = wrapper.cfbundle; includeInIndex = 0; path = loginAgainUITests.xctest; sourceTree = BUILT_PRODUCTS_DIR; };
		76E4A6BC1C893EFD00C7F503 /* loginAgainUITests.m */ = {isa = PBXFileReference; lastKnownFileType = sourcecode.c.objc; path = loginAgainUITests.m; sourceTree = "<group>"; };
		76E4A6BE1C893EFD00C7F503 /* Info.plist */ = {isa = PBXFileReference; lastKnownFileType = text.plist.xml; path = Info.plist; sourceTree = "<group>"; };
/* End PBXFileReference section */

/* Begin PBXFrameworksBuildPhase section */
		76E4A6911C893EFD00C7F503 /* Frameworks */ = {
			isa = PBXFrameworksBuildPhase;
			buildActionMask = 2147483647;
			files = (
			);
			runOnlyForDeploymentPostprocessing = 0;
		};
		76E4A6AA1C893EFD00C7F503 /* Frameworks */ = {
			isa = PBXFrameworksBuildPhase;
			buildActionMask = 2147483647;
			files = (
			);
			runOnlyForDeploymentPostprocessing = 0;
		};
		76E4A6B51C893EFD00C7F503 /* Frameworks */ = {
			isa = PBXFrameworksBuildPhase;
			buildActionMask = 2147483647;
			files = (
			);
			runOnlyForDeploymentPostprocessing = 0;
		};
/* End PBXFrameworksBuildPhase section */

/* Begin PBXGroup section */
		76E4A68B1C893EFD00C7F503 = {
			isa = PBXGroup;
			children = (
				76E4A6961C893EFD00C7F503 /* loginAgain */,
				76E4A6B01C893EFD00C7F503 /* loginAgainTests */,
				76E4A6BB1C893EFD00C7F503 /* loginAgainUITests */,
				76E4A6951C893EFD00C7F503 /* Products */,
			);
			sourceTree = "<group>";
		};
		76E4A6951C893EFD00C7F503 /* Products */ = {
			isa = PBXGroup;
			children = (
				76E4A6941C893EFD00C7F503 /* loginAgain.app */,
				76E4A6AD1C893EFD00C7F503 /* loginAgainTests.xctest */,
				76E4A6B81C893EFD00C7F503 /* loginAgainUITests.xctest */,
			);
			name = Products;
			sourceTree = "<group>";
		};
		76E4A6961C893EFD00C7F503 /* loginAgain */ = {
			isa = PBXGroup;
			children = (
				76E4A69A1C893EFD00C7F503 /* AppDelegate.h */,
				76E4A69B1C893EFD00C7F503 /* AppDelegate.m */,
				76E4A69D1C893EFD00C7F503 /* ViewController.h */,
				76E4A69E1C893EFD00C7F503 /* ViewController.m */,
				76219DB61C89FC2C0037D9A9 /* LoggedinViewController.h */,
				76219DB71C89FC2C0037D9A9 /* LoggedinViewController.m */,
				76E4A6A01C893EFD00C7F503 /* Main.storyboard */,
				76E4A6A31C893EFD00C7F503 /* Assets.xcassets */,
				76E32F251C8A335600DE3121 /* cbd.png */,
				76E32F261C8A335600DE3121 /* cbu.png */,
				76E4A6A51C893EFD00C7F503 /* LaunchScreen.storyboard */,
				76E4A6A81C893EFD00C7F503 /* Info.plist */,
				76E4A6971C893EFD00C7F503 /* Supporting Files */,
			);
			path = loginAgain;
			sourceTree = "<group>";
		};
		76E4A6971C893EFD00C7F503 /* Supporting Files */ = {
			isa = PBXGroup;
			children = (
				76E4A6981C893EFD00C7F503 /* main.m */,
			);
			name = "Supporting Files";
			sourceTree = "<group>";
		};
		76E4A6B01C893EFD00C7F503 /* loginAgainTests */ = {
			isa = PBXGroup;
			children = (
				76E4A6B11C893EFD00C7F503 /* loginAgainTests.m */,
				76E4A6B31C893EFD00C7F503 /* Info.plist */,
			);
			path = loginAgainTests;
			sourceTree = "<group>";
		};
		76E4A6BB1C893EFD00C7F503 /* loginAgainUITests */ = {
			isa = PBXGroup;
			children = (
				76E4A6BC1C893EFD00C7F503 /* loginAgainUITests.m */,
				76E4A6BE1C893EFD00C7F503 /* Info.plist */,
			);
			path = loginAgainUITests;
			sourceTree = "<group>";
		};
/* End PBXGroup section */

/* Begin PBXNativeTarget section */
		76E4A6931C893EFD00C7F503 /* loginAgain */ = {
			isa = PBXNativeTarget;
			buildConfigurationList = 76E4A6C11C893EFD00C7F503 /* Build configuration list for PBXNativeTarget "loginAgain" */;
			buildPhases = (
				76E4A6901C893EFD00C7F503 /* Sources */,
				76E4A6911C893EFD00C7F503 /* Frameworks */,
				76E4A6921C893EFD00C7F503 /* Resources */,
			);
			buildRules = (
			);
			dependencies = (
			);
			name = loginAgain;
			productName = loginAgain;
			productReference = 76E4A6941C893EFD00C7F503 /* loginAgain.app */;
			productType = "com.apple.product-type.application";
		};
		76E4A6AC1C893EFD00C7F503 /* loginAgainTests */ = {
			isa = PBXNativeTarget;
			buildConfigurationList = 76E4A6C41C893EFD00C7F503 /* Build configuration list for PBXNativeTarget "loginAgainTests" */;
			buildPhases = (
				76E4A6A91C893EFD00C7F503 /* Sources */,
				76E4A6AA1C893EFD00C7F503 /* Frameworks */,
				76E4A6AB1C893EFD00C7F503 /* Resources */,
			);
			buildRules = (
			);
			dependencies = (
				76E4A6AF1C893EFD00C7F503 /* PBXTargetDependency */,
			);
			name = loginAgainTests;
			productName = loginAgainTests;
			productReference = 76E4A6AD1C893EFD00C7F503 /* loginAgainTests.xctest */;
			productType = "com.apple.product-type.bundle.unit-test";
		};
		76E4A6B71C893EFD00C7F503 /* loginAgainUITests */ = {
			isa = PBXNativeTarget;
			buildConfigurationList = 76E4A6C71C893EFD00C7F503 /* Build configuration list for PBXNativeTarget "loginAgainUITests" */;
			buildPhases = (
				76E4A6B41C893EFD00C7F503 /* Sources */,
				76E4A6B51C893EFD00C7F503 /* Frameworks */,
				76E4A6B61C893EFD00C7F503 /* Resources */,
			);
			buildRules = (
			);
			dependencies = (
				76E4A6BA1C893EFD00C7F503 /* PBXTargetDependency */,
			);
			name = loginAgainUITests;
			productName = loginAgainUITests;
			productReference = 76E4A6B81C893EFD00C7F503 /* loginAgainUITests.xctest */;
			productType = "com.apple.product-type.bundle.ui-testing";
		};
/* End PBXNativeTarget section */

/* Begin PBXProject section */
		76E4A68C1C893EFD00C7F503 /* Project object */ = {
			isa = PBXProject;
			attributes = {
				LastUpgradeCheck = 0720;
				ORGANIZATIONNAME = "Anastasiia Staiko";
				TargetAttributes = {
					76E4A6931C893EFD00C7F503 = {
						CreatedOnToolsVersion = 7.2;
					};
					76E4A6AC1C893EFD00C7F503 = {
						CreatedOnToolsVersion = 7.2;
						TestTargetID = 76E4A6931C893EFD00C7F503;
					};
					76E4A6B71C893EFD00C7F503 = {
						CreatedOnToolsVersion = 7.2;
						TestTargetID = 76E4A6931C893EFD00C7F503;
					};
				};
			};
			buildConfigurationList = 76E4A68F1C893EFD00C7F503 /* Build configuration list for PBXProject "loginAgain" */;
			compatibilityVersion = "Xcode 3.2";
			developmentRegion = English;
			hasScannedForEncodings = 0;
			knownRegions = (
				en,
				Base,
			);
			mainGroup = 76E4A68B1C893EFD00C7F503;
			productRefGroup = 76E4A6951C893EFD00C7F503 /* Products */;
			projectDirPath = "";
			projectRoot = "";
			targets = (
				76E4A6931C893EFD00C7F503 /* loginAgain */,
				76E4A6AC1C893EFD00C7F503 /* loginAgainTests */,
				76E4A6B71C893EFD00C7F503 /* loginAgainUITests */,
			);
		};
/* End PBXProject section */

/* Begin PBXResourcesBuildPhase section */
		76E4A6921C893EFD00C7F503 /* Resources */ = {
			isa = PBXResourcesBuildPhase;
			buildActionMask = 2147483647;
			files = (
				76E4A6A71C893EFD00C7F503 /* LaunchScreen.storyboard in Resources */,
				76E32F271C8A335600DE3121 /* cbd.png in Resources */,
				76E4A6A41C893EFD00C7F503 /* Assets.xcassets in Resources */,
				76E4A6A21C893EFD00C7F503 /* Main.storyboard in Resources */,
				76E32F281C8A335600DE3121 /* cbu.png in Resources */,
			);
			runOnlyForDeploymentPostprocessing = 0;
		};
		76E4A6AB1C893EFD00C7F503 /* Resources */ = {
			isa = PBXResourcesBuildPhase;
			buildActionMask = 2147483647;
			files = (
			);
			runOnlyForDeploymentPostprocessing = 0;
		};
		76E4A6B61C893EFD00C7F503 /* Resources */ = {
			isa = PBXResourcesBuildPhase;
			buildActionMask = 2147483647;
			files = (
			);
			runOnlyForDeploymentPostprocessing = 0;
		};
/* End PBXResourcesBuildPhase section */

/* Begin PBXSourcesBuildPhase section */
		76E4A6901C893EFD00C7F503 /* Sources */ = {
			isa = PBXSourcesBuildPhase;
			buildActionMask = 2147483647;
			files = (
				76E4A69F1C893EFD00C7F503 /* ViewController.m in Sources */,
				76E4A69C1C893EFD00C7F503 /* AppDelegate.m in Sources */,
				76E4A6991C893EFD00C7F503 /* main.m in Sources */,
				76219DB81C89FC2C0037D9A9 /* LoggedinViewController.m in Sources */,
			);
			runOnlyForDeploymentPostprocessing = 0;
		};
		76E4A6A91C893EFD00C7F503 /* Sources */ = {
			isa = PBXSourcesBuildPhase;
			buildActionMask = 2147483647;
			files = (
				76E4A6B21C893EFD00C7F503 /* loginAgainTests.m in Sources */,
			);
			runOnlyForDeploymentPostprocessing = 0;
		};
		76E4A6B41C893EFD00C7F503 /* Sources */ = {
			isa = PBXSourcesBuildPhase;
			buildActionMask = 2147483647;
			files = (
				76E4A6BD1C893EFD00C7F503 /* loginAgainUITests.m in Sources */,
			);
			runOnlyForDeploymentPostprocessing = 0;
		};
/* End PBXSourcesBuildPhase section */

/* Begin PBXTargetDependency section */
		76E4A6AF1C893EFD00C7F503 /* PBXTargetDependency */ = {
			isa = PBXTargetDependency;
			target = 76E4A6931C893EFD00C7F503 /* loginAgain */;
			targetProxy = 76E4A6AE1C893EFD00C7F503 /* PBXContainerItemProxy */;
		};
		76E4A6BA1C893EFD00C7F503 /* PBXTargetDependency */ = {
			isa = PBXTargetDependency;
			target = 76E4A6931C893EFD00C7F503 /* loginAgain */;
			targetProxy = 76E4A6B91C893EFD00C7F503 /* PBXContainerItemProxy */;
		};
/* End PBXTargetDependency section */

/* Begin PBXVariantGroup section */
		76E4A6A01C893EFD00C7F503 /* Main.storyboard */ = {
			isa = PBXVariantGroup;
			children = (
				76E4A6A11C893EFD00C7F503 /* Base */,
			);
			name = Main.storyboard;
			sourceTree = "<group>";
		};
		76E4A6A51C893EFD00C7F503 /* LaunchScreen.storyboard */ = {
			isa = PBXVariantGroup;
			children = (
				76E4A6A61C893EFD00C7F503 /* Base */,
			);
			name = LaunchScreen.storyboard;
			sourceTree = "<group>";
		};
/* End PBXVariantGroup section */

/* Begin XCBuildConfiguration section */
		76E4A6BF1C893EFD00C7F503 /* Debug */ = {
			isa = XCBuildConfiguration;
			buildSettings = {
				ALWAYS_SEARCH_USER_PATHS = NO;
				CLANG_CXX_LANGUAGE_STANDARD = "gnu++0x";
				CLANG_CXX_LIBRARY = "libc++";
				CLANG_ENABLE_MODULES = YES;
				CLANG_ENABLE_OBJC_ARC = YES;
				CLANG_WARN_BOOL_CONVERSION = YES;
				CLANG_WARN_CONSTANT_CONVERSION = YES;
				CLANG_WARN_DIRECT_OBJC_ISA_USAGE = YES_ERROR;
				CLANG_WARN_EMPTY_BODY = YES;
				CLANG_WARN_ENUM_CONVERSION = YES;
				CLANG_WARN_INT_CONVERSION = YES;
				CLANG_WARN_OBJC_ROOT_CLASS = YES_ERROR;
				CLANG_WARN_UNREACHABLE_CODE = YES;
				CLANG_WARN__DUPLICATE_METHOD_MATCH = YES;
				"CODE_SIGN_IDENTITY[sdk=iphoneos*]" = "iPhone Developer";
				COPY_PHASE_STRIP = NO;
				DEBUG_INFORMATION_FORMAT = dwarf;
				ENABLE_STRICT_OBJC_MSGSEND = YES;
				ENABLE_TESTABILITY = YES;
				GCC_C_LANGUAGE_STANDARD = gnu99;
				GCC_DYNAMIC_NO_PIC = NO;
				GCC_NO_COMMON_BLOCKS = YES;
				GCC_OPTIMIZATION_LEVEL = 0;
				GCC_PREPROCESSOR_DEFINITIONS = (
					"DEBUG=1",
					"$(inherited)",
				);
				GCC_WARN_64_TO_32_BIT_CONVERSION = YES;
				GCC_WARN_ABOUT_RETURN_TYPE = YES_ERROR;
				GCC_WARN_UNDECLARED_SELECTOR = YES;
				GCC_WARN_UNINITIALIZED_AUTOS = YES_AGGRESSIVE;
				GCC_WARN_UNUSED_FUNCTION = YES;
				GCC_WARN_UNUSED_VARIABLE = YES;
				IPHONEOS_DEPLOYMENT_TARGET = 9.2;
				MTL_ENABLE_DEBUG_INFO = YES;
				ONLY_ACTIVE_ARCH = YES;
				SDKROOT = iphoneos;
				TARGETED_DEVICE_FAMILY = "1,2";
			};
			name = Debug;
		};
		76E4A6C01C893EFD00C7F503 /* Release */ = {
			isa = XCBuildConfiguration;
			buildSettings = {
				ALWAYS_SEARCH_USER_PATHS = NO;
				CLANG_CXX_LANGUAGE_STANDARD = "gnu++0x";
				CLANG_CXX_LIBRARY = "libc++";
				CLANG_ENABLE_MODULES = YES;
				CLANG_ENABLE_OBJC_ARC = YES;
				CLANG_WARN_BOOL_CONVERSION = YES;
				CLANG_WARN_CONSTANT_CONVERSION = YES;
				CLANG_WARN_DIRECT_OBJC_ISA_USAGE = YES_ERROR;
				CLANG_WARN_EMPTY_BODY = YES;
				CLANG_WARN_ENUM_CONVERSION = YES;
				CLANG_WARN_INT_CONVERSION = YES;
				CLANG_WARN_OBJC_ROOT_CLASS = YES_ERROR;
				CLANG_WARN_UNREACHABLE_CODE = YES;
				CLANG_WARN__DUPLICATE_METHOD_MATCH = YES;
				"CODE_SIGN_IDENTITY[sdk=iphoneos*]" = "iPhone Developer";
				COPY_PHASE_STRIP = NO;
				DEBUG_INFORMATION_FORMAT = "dwarf-with-dsym";
				ENABLE_NS_ASSERTIONS = NO;
				ENABLE_STRICT_OBJC_MSGSEND = YES;
				GCC_C_LANGUAGE_STANDARD = gnu99;
				GCC_NO_COMMON_BLOCKS = YES;
				GCC_WARN_64_TO_32_BIT_CONVERSION = YES;
				GCC_WARN_ABOUT_RETURN_TYPE = YES_ERROR;
				GCC_WARN_UNDECLARED_SELECTOR = YES;
				GCC_WARN_UNINITIALIZED_AUTOS = YES_AGGRESSIVE;
				GCC_WARN_UNUSED_FUNCTION = YES;
				GCC_WARN_UNUSED_VARIABLE = YES;
				IPHONEOS_DEPLOYMENT_TARGET = 9.2;
				MTL_ENABLE_DEBUG_INFO = NO;
				SDKROOT = iphoneos;
				TARGETED_DEVICE_FAMILY = "1,2";
				VALIDATE_PRODUCT = YES;
			};
			name = Release;
		};
		76E4A6C21C893EFD00C7F503 /* Debug */ = {
			isa = XCBuildConfiguration;
			buildSettings = {
				ASSETCATALOG_COMPILER_APPICON_NAME = AppIcon;
				INFOPLIST_FILE = loginAgain/Info.plist;
				LD_RUNPATH_SEARCH_PATHS = "$(inherited) @executable_path/Frameworks";
				PRODUCT_BUNDLE_IDENTIFIER = "anastaiko.app-gmail.com.loginAgain";
				PRODUCT_NAME = "$(TARGET_NAME)";
			};
			name = Debug;
		};
		76E4A6C31C893EFD00C7F503 /* Release */ = {
			isa = XCBuildConfiguration;
			buildSettings = {
				ASSETCATALOG_COMPILER_APPICON_NAME = AppIcon;
				INFOPLIST_FILE = loginAgain/Info.plist;
				LD_RUNPATH_SEARCH_PATHS = "$(inherited) @executable_path/Frameworks";
				PRODUCT_BUNDLE_IDENTIFIER = "anastaiko.app-gmail.com.loginAgain";
				PRODUCT_NAME = "$(TARGET_NAME)";
			};
			name = Release;
		};
		76E4A6C51C893EFD00C7F503 /* Debug */ = {
			isa = XCBuildConfiguration;
			buildSettings = {
				BUNDLE_LOADER = "$(TEST_HOST)";
				INFOPLIST_FILE = loginAgainTests/Info.plist;
				LD_RUNPATH_SEARCH_PATHS = "$(inherited) @executable_path/Frameworks @loader_path/Frameworks";
				PRODUCT_BUNDLE_IDENTIFIER = "anastaiko.app-gmail.com.loginAgainTests";
				PRODUCT_NAME = "$(TARGET_NAME)";
				TEST_HOST = "$(BUILT_PRODUCTS_DIR)/loginAgain.app/loginAgain";
			};
			name = Debug;
		};
		76E4A6C61C893EFD00C7F503 /* Release */ = {
			isa = XCBuildConfiguration;
			buildSettings = {
				BUNDLE_LOADER = "$(TEST_HOST)";
				INFOPLIST_FILE = loginAgainTests/Info.plist;
				LD_RUNPATH_SEARCH_PATHS = "$(inherited) @executable_path/Frameworks @loader_path/Frameworks";
				PRODUCT_BUNDLE_IDENTIFIER = "anastaiko.app-gmail.com.loginAgainTests";
				PRODUCT_NAME = "$(TARGET_NAME)";
				TEST_HOST = "$(BUILT_PRODUCTS_DIR)/loginAgain.app/loginAgain";
			};
			name = Release;
		};
		76E4A6C81C893EFD00C7F503 /* Debug */ = {
			isa = XCBuildConfiguration;
			buildSettings = {
				INFOPLIST_FILE = loginAgainUITests/Info.plist;
				LD_RUNPATH_SEARCH_PATHS = "$(inherited) @executable_path/Frameworks @loader_path/Frameworks";
				PRODUCT_BUNDLE_IDENTIFIER = "anastaiko.app-gmail.com.loginAgainUITests";
				PRODUCT_NAME = "$(TARGET_NAME)";
				TEST_TARGET_NAME = loginAgain;
				USES_XCTRUNNER = YES;
			};
			name = Debug;
		};
		76E4A6C91C893EFD00C7F503 /* Release */ = {
			isa = XCBuildConfiguration;
			buildSettings = {
				INFOPLIST_FILE = loginAgainUITests/Info.plist;
				LD_RUNPATH_SEARCH_PATHS = "$(inherited) @executable_path/Frameworks @loader_path/Frameworks";
				PRODUCT_BUNDLE_IDENTIFIER = "anastaiko.app-gmail.com.loginAgainUITests";
				PRODUCT_NAME = "$(TARGET_NAME)";
				TEST_TARGET_NAME = loginAgain;
				USES_XCTRUNNER = YES;
			};
			name = Release;
		};
/* End XCBuildConfiguration section */

/* Begin XCConfigurationList section */
		76E4A68F1C893EFD00C7F503 /* Build configuration list for PBXProject "loginAgain" */ = {
			isa = XCConfigurationList;
			buildConfigurations = (
				76E4A6BF1C893EFD00C7F503 /* Debug */,
				76E4A6C01C893EFD00C7F503 /* Release */,
			);
			defaultConfigurationIsVisible = 0;
			defaultConfigurationName = Release;
		};
		76E4A6C11C893EFD00C7F503 /* Build configuration list for PBXNativeTarget "loginAgain" */ = {
			isa = XCConfigurationList;
			buildConfigurations = (
				76E4A6C21C893EFD00C7F503 /* Debug */,
				76E4A6C31C893EFD00C7F503 /* Release */,
			);
			defaultConfigurationIsVisible = 0;
			defaultConfigurationName = Release;
		};
		76E4A6C41C893EFD00C7F503 /* Build configuration list for PBXNativeTarget "loginAgainTests" */ = {
			isa = XCConfigurationList;
			buildConfigurations = (
				76E4A6C51C893EFD00C7F503 /* Debug */,
				76E4A6C61C893EFD00C7F503 /* Release */,
			);
			defaultConfigurationIsVisible = 0;
			defaultConfigurationName = Release;
		};
		76E4A6C71C893EFD00C7F503 /* Build configuration list for PBXNativeTarget "loginAgainUITests" */ = {
			isa = XCConfigurationList;
			buildConfigurations = (
				76E4A6C81C893EFD00C7F503 /* Debug */,
				76E4A6C91C893EFD00C7F503 /* Release */,
			);
			defaultConfigurationIsVisible = 0;
			defaultConfigurationName = Release;
		};
/* End XCConfigurationList section */
	};
	rootObject = 76E4A68C1C893EFD00C7F503 /* Project object */;
}
